# This file is generated by running "yarn install" inside your project.
# Manual changes might be lost - proceed with caution!

__metadata:
  version: 4
  cacheKey: 7

"debug@npm:4.3.1":
  version: 4.3.1
  resolution: "debug@npm:4.3.1"
  dependencies:
    ms: 2.1.2
  peerDependenciesMeta:
    supports-color:
      optional: true
  checksum: 0d41ba5177510e8b388dfd7df143ab0f9312e4abdaba312595461511dac88e9ef8101939d33b4e6d37e10341af6a5301082e4d7d6f3deb4d57bc05fc7d296fad
  languageName: node
  linkType: hard

"goof@workspace:.":
  version: 0.0.0-use.local
  resolution: "goof@workspace:."
  dependencies:
    debug: 4.3.1
  languageName: unknown
  linkType: soft

"ms@npm:1.0.0":
  version: 1.0.0
  resolution: "ms@npm:1.0.0"
  checksum: 465b5bf17cb20d2c526befc6d0ef2be20017660fa95f3534b10085fd1ba214862b9844c06fbc60223b563bfca1c950047a6e290aa9f5feb364fce0b8cbc349b0
  languageName: node
  linkType: hard

