{
  "name": "cyclic-dep-self-reference",
  "version": "1.0.0",
  "lockfileVersion": 1,
  "requires": true,
  "dependencies": {
    "cyclic-dep-self-reference": {
      "version": "file:",
      "requires": {
        "cyclic-dep-self-reference-2": "file:cyclic-dep-self-reference-2"
      },
      "dependencies": {
        "cyclic-dep-self-reference-2": {
          "version": "file:cyclic-dep-self-reference-2",
          "requires": {
            "cyclic-dep-self-reference": "file:"
          }
        }
      }
    },
    "cyclic-dep-self-reference-2": {
      "version": "file:cyclic-dep-self-reference-2",
      "requires": {
        "cyclic-dep-self-reference": "file:"
      }
    }
  }
}
