# This file is generated by running "yarn install" inside your project.
# Manual changes might be lost - proceed with caution!

__metadata:
  version: 6
  cacheKey: 8

"lodash@npm:4.17.20":
  version: 4.17.20
  resolution: "lodash@npm:4.17.20"
  checksum: b31afa09739b7292a88ec49ffdb2fcaeb41f690def010f7a067eeedffece32da6b6847bfe4d38a77e6f41778b9b2bca75eeab91209936518173271f0b69376ea
  languageName: node
  linkType: hard

"workspace-test@workspace:.":
  version: 0.0.0-use.local
  resolution: "workspace-test@workspace:."
  languageName: unknown
  linkType: soft

"workspace1@workspace:workspace1":
  version: 0.0.0-use.local
  resolution: "workspace1@workspace:workspace1"
  dependencies:
    lodash: ^4.17.21
  languageName: unknown
  linkType: soft
