{
  "name": "root-level-bundled-test",
  "version": "1.0.0",
  "lockfileVersion": 2,
  "requires": true,
  "packages": {
    "": {
      "name": "root-level-bundled-test",
      "version": "1.0.0",
      "bundleDependencies": [
        "bundled-at-root"
      ],
      "dependencies": {
        "bundled-at-root": "1.0.0"
      }
    },
    "node_modules/bundled-at-root": {
      "version": "1.0.0",
      "resolved": "https://registry.npmjs.org/bundled-at-root/-/bundled-at-root-1.0.0.tgz",
      "integrity": "sha512-example1==",
      "inBundle": true,
      "dependencies": {
        "nested-dep": "1.0.0"
      }
    },
    "node_modules/bundled-at-root/node_modules/nested-dep": {
      "version": "1.0.0",
      "resolved": "https://registry.npmjs.org/nested-dep/-/nested-dep-1.0.0.tgz",
      "integrity": "sha512-example2==",
      "inBundle": true
    }
  },
  "dependencies": {
    "bundled-at-root": {
      "version": "1.0.0",
      "resolved": "https://registry.npmjs.org/bundled-at-root/-/bundled-at-root-1.0.0.tgz",
      "integrity": "sha512-example1==",
      "bundled": true,
      "dependencies": {
        "nested-dep": {
          "version": "1.0.0",
          "resolved": "https://registry.npmjs.org/nested-dep/-/nested-dep-1.0.0.tgz",
          "integrity": "sha512-example2==",
          "bundled": true
        }
      }
    }
  }
}
