lockfileVersion: '7.0'

settings:
  autoInstallPeers: true
  excludeLinksFromLockfile: false

overrides:
  lodash: 4.17.20

importers:

  .: {}

  workspace1:
    dependencies:
      lodash:
        specifier: 4.17.20
        version: 4.17.20

packages:

  lodash@4.17.20:
    resolution: {integrity: sha512-PlhdFcillOINfeV7Ni6oF1TAEayyZBoZ8bcshTHqOYJYlrqzRK5hagpagky5o4HfCzzd1TRkXPMFq6cKk9rGmA==}

snapshots:

  lodash@4.17.20: {}
