# THIS IS AN AUTOGENERATED FILE. DO NOT EDIT THIS FILE DIRECTLY.
# yarn lockfile v1


graphql@^15.3.0:
  version "15.5.1"
  resolved "https://registry.npmjs.org/graphql/-/graphql-15.5.1.tgz#f2f84415d8985e7b84731e7f3536f8bb9d383aad"
  integrity sha512-FeTRX67T3LoE3LWAxxOlW2K3Bz+rMYAC18rRguK4wgXaTZMiJwSUwDmPFo3UadAKbzirKIg5Qy+sNJXbpPRnQw==

# for test purposes: referenced workspace is not listed in the lockfile
# this used to throw even in outOfSync mode
"@roadiehq/backstage-plugin-travis-ci@^1.0.11":
  version "1.0.11"
  resolved "https://registry.npmjs.org/@roadiehq/backstage-plugin-travis-ci/-/backstage-plugin-travis-ci-1.0.11.tgz#427c14a93a9f1f62ab42c5f149ab1beba1178fd2"
  integrity sha512-EAWIyprpjm6tkHX3AFqZFFf6B74soAbwwO0RJhTfGIPTa/t8H7g5AR5tUF283rmuA2KupYutT5ywXY2Bqcjfyw==
  dependencies:
    "@backstage/core-app-api" "^0.1.6"
