# THIS IS AN AUTOGENERATED FILE. DO NOT EDIT THIS FILE DIRECTLY.
# yarn lockfile v1


adm-zip@0.4.7:
  version "0.4.7"
  resolved "https://registry.yarnpkg.com/adm-zip/-/adm-zip-0.4.7.tgz#8606c2cbf1c426ce8c8ec00174447fd49b6eafc1"
  integrity sha1-hgbCy/HEJs6MjsABdER/1Jtur8E=

adm-zip@0.4.8:
  version "0.4.8"
  resolved "https://registry.yarnpkg.com/adm-zip/-/adm-zip-0.4.8.tgz#fc0b348954e24ca5792f425bf63c47dfda679267"
  integrity sha512-PcFQf6E2HFbI24MM4wttwKQ/UmBIfPk5qA7+fqXjL+sMQTrE2FykQ3j50TL+MlaEKN+/4IYqTpYfZ2I7Xec2cg==
