# This file is generated by running "yarn install" inside your project.
# Manual changes might be lost - proceed with caution!

__metadata:
  version: 4
  cacheKey: 7

"@babel/code-frame@npm:^7.0.0, @babel/code-frame@npm:^7.12.13":
  version: 7.12.13
  resolution: "@babel/code-frame@npm:7.12.13"
  dependencies:
    "@babel/highlight": ^7.12.13
  checksum: 471532bb7cb4a300bd1a3201e75e7c0c83ebfb4e0e6610fdb53270521505d7efe0961258de61e7b1970ef3092a97ed675248ee1a44597912a1f61f903d85ef41
  languageName: node
  linkType: hard

"@babel/core@npm:7.0.0":
  version: 7.0.0
  resolution: "@babel/core@npm:7.0.0"
  dependencies:
    "@babel/code-frame": ^7.0.0
    "@babel/generator": ^7.0.0
    "@babel/helpers": ^7.0.0
    "@babel/parser": ^7.0.0
    "@babel/template": ^7.0.0
    "@babel/traverse": ^7.0.0
    "@babel/types": ^7.0.0
    convert-source-map: ^1.1.0
    debug: ^3.1.0
    json5: ^0.5.0
    lodash: ^4.17.10
    resolve: ^1.3.2
    semver: ^5.4.1
    source-map: ^0.5.0
  checksum: 62abe45a080243dd934181c48db5f71a0f76d1e03b9cfd513ecf3a96f8a4b3e7a401d853a0578715f3b63d59eccb07dc137ed41c2449a885b1081fcca90d57af
  languageName: node
  linkType: hard

"@babel/generator@npm:^7.0.0, @babel/generator@npm:^7.14.2":
  version: 7.14.3
  resolution: "@babel/generator@npm:7.14.3"
  dependencies:
    "@babel/types": ^7.14.2
    jsesc: ^2.5.1
    source-map: ^0.5.0
  checksum: 519fce36f3663dd346522d50d13b8549c02c0a340650c62db1bee0595a47f910b433f3bbdb513cc582bd932c5045b2673c8ef6a97913f9335fb16aa06085f274
  languageName: node
  linkType: hard

"@babel/helper-function-name@npm:^7.14.2":
  version: 7.14.2
  resolution: "@babel/helper-function-name@npm:7.14.2"
  dependencies:
    "@babel/helper-get-function-arity": ^7.12.13
    "@babel/template": ^7.12.13
    "@babel/types": ^7.14.2
  checksum: 36bf5e4126b5bdf7c7e686ca487f9a91857d723d457a2608645d10ed7b0ba3da0c0e0cd0b31efe71091ea80656bf98578e3bad50c6c7fab771fd5de439aeebad
  languageName: node
  linkType: hard

"@babel/helper-get-function-arity@npm:^7.12.13":
  version: 7.12.13
  resolution: "@babel/helper-get-function-arity@npm:7.12.13"
  dependencies:
    "@babel/types": ^7.12.13
  checksum: cfb5c39959ea9f1cc21ee0f4a23054be66a615fa5392f25763ea98f0c690a5b47500af9a63f28a42a2fb3f699684c113c45a95c4ce6303dfecb3358e32e56c76
  languageName: node
  linkType: hard

"@babel/helper-split-export-declaration@npm:^7.12.13":
  version: 7.12.13
  resolution: "@babel/helper-split-export-declaration@npm:7.12.13"
  dependencies:
    "@babel/types": ^7.12.13
  checksum: c8d529558c45855542b7094de7b08e6c6de34922037a71596545dbb7a3be6ebf61b8b3193afe85fa5c9c35bcb0cc94110866deab8028f73e500bdc62427532c9
  languageName: node
  linkType: hard

"@babel/helper-validator-identifier@npm:^7.14.0":
  version: 7.14.0
  resolution: "@babel/helper-validator-identifier@npm:7.14.0"
  checksum: bd67b4a1a49eba151aa0fe95508579638287fee0a3e7a3bf8c5ab480de8eaad4b4231c523d7db401eb0cecc7cf03b76ee72453fab53bab8cb8ccd154bb67feb7
  languageName: node
  linkType: hard

"@babel/helpers@npm:^7.0.0":
  version: 7.14.0
  resolution: "@babel/helpers@npm:7.14.0"
  dependencies:
    "@babel/template": ^7.12.13
    "@babel/traverse": ^7.14.0
    "@babel/types": ^7.14.0
  checksum: 0ac7e775b54cebf4b5c027e9ca00a1027f3c7d96e924583d028b6e86bb775652701ba9d48257db8352fce4612566d8a4f1fd8723502d940a77571145af603956
  languageName: node
  linkType: hard

"@babel/highlight@npm:^7.12.13":
  version: 7.14.0
  resolution: "@babel/highlight@npm:7.14.0"
  dependencies:
    "@babel/helper-validator-identifier": ^7.14.0
    chalk: ^2.0.0
    js-tokens: ^4.0.0
  checksum: 0122fcd3cd6e81bfa002227d6c9dfff91d388d48dc188cd13e3f60c46e5450ebad65aa133ac8f525cb3cfa3b70766484e4a93c40b2837ce16f12083ebd2b0824
  languageName: node
  linkType: hard

"@babel/parser@npm:^7.0.0, @babel/parser@npm:^7.12.13, @babel/parser@npm:^7.14.2":
  version: 7.14.3
  resolution: "@babel/parser@npm:7.14.3"
  bin:
    parser: ./bin/babel-parser.js
  checksum: 5e8d1b2bfc53b59c7476c32adee20c8a4d19fdab58b04b6b177d89319bd76526219dad2f6ab6f51a80a518d0cbcdc3980b73c18bde16017aeee2dd8a50687fe3
  languageName: node
  linkType: hard

"@babel/template@npm:^7.0.0, @babel/template@npm:^7.12.13":
  version: 7.12.13
  resolution: "@babel/template@npm:7.12.13"
  dependencies:
    "@babel/code-frame": ^7.12.13
    "@babel/parser": ^7.12.13
    "@babel/types": ^7.12.13
  checksum: 665977068a7036233b017396c0cd4856b6bb2ad9759e95e2325cbd198b98d2e26796f25977c8e12b5936d7d94f49cf883df9cffa3c91c797abdf27fc9b6bec65
  languageName: node
  linkType: hard

"@babel/traverse@npm:^7.0.0, @babel/traverse@npm:^7.14.0":
  version: 7.14.2
  resolution: "@babel/traverse@npm:7.14.2"
  dependencies:
    "@babel/code-frame": ^7.12.13
    "@babel/generator": ^7.14.2
    "@babel/helper-function-name": ^7.14.2
    "@babel/helper-split-export-declaration": ^7.12.13
    "@babel/parser": ^7.14.2
    "@babel/types": ^7.14.2
    debug: ^4.1.0
    globals: ^11.1.0
  checksum: 76f57f7a718c5ac17f72eb729e68d6135e37ee6201642d25c92d8add7b87eb492c7af40bd5193c27cca83cb60a649c9ccbe0f500e37569609e044b0560602cb7
  languageName: node
  linkType: hard

"@babel/types@npm:7.0.0":
  version: 7.0.0
  resolution: "@babel/types@npm:7.0.0"
  dependencies:
    esutils: ^2.0.2
    lodash: ^4.17.10
    to-fast-properties: ^2.0.0
  checksum: b0bfaf502af64e9f7c50a0ddc96bb44e8669a0e8e5d9a260cdcb5813a7472d26b1e022ae033026b46e56f512208522adb01f1d6dc7e33ea14ada45059674c0bf
  languageName: node
  linkType: hard

"ansi-styles@npm:^3.2.1":
  version: 3.2.1
  resolution: "ansi-styles@npm:3.2.1"
  dependencies:
    color-convert: ^1.9.0
  checksum: 456e1c23d9277512a47718da75e7fbb0a5ee215ef893c2f76d6b3efe8fceabc861121b80b0362146f5f995d21a1633f05a19bbf6283ae66ac11dc3b9c0bed779
  languageName: node
  linkType: hard

"chalk@npm:^2.0.0":
  version: 2.4.2
  resolution: "chalk@npm:2.4.2"
  dependencies:
    ansi-styles: ^3.2.1
    escape-string-regexp: ^1.0.5
    supports-color: ^5.3.0
  checksum: 22c7b7b5bc761c882bb6516454a1a671923f1c53ff972860065aa0b28a195f230163c1d46ee88bcc7a03e5539177d896457d8bc727de7f244c6e87032743038e
  languageName: node
  linkType: hard

"color-convert@npm:^1.9.0":
  version: 1.9.3
  resolution: "color-convert@npm:1.9.3"
  dependencies:
    color-name: 1.1.3
  checksum: 5f244daa3d1fe1f216d48878c550465067d15268688308554e613b7640a068f96588096d51f0b98b68f15d6ff6bb8ad24e172582ac8c0ad43fa4d3da60fd1b79
  languageName: node
  linkType: hard

"color-name@npm:1.1.3":
  version: 1.1.3
  resolution: "color-name@npm:1.1.3"
  checksum: d8b91bb90aefc05b6ff568cf8889566dcc6269824df6f3c9b8ca842b18d7f4d089c07dc166808d33f22092d4a79167aa56a96a5ff0d21efab548bf44614db43b
  languageName: node
  linkType: hard

"convert-source-map@npm:^1.1.0":
  version: 1.7.0
  resolution: "convert-source-map@npm:1.7.0"
  dependencies:
    safe-buffer: ~5.1.1
  checksum: b10fbf041e3221c65e1ab67f05c8fcbad9c5fd078c62f4a6e05cb5fddc4b5a0e8a17c6a361c6a44f011b1a0c090b36aa88543be9dfa65da8c9e7f39c5de2d4df
  languageName: node
  linkType: hard

"debug@npm:^3.1.0":
  version: 3.2.7
  resolution: "debug@npm:3.2.7"
  dependencies:
    ms: ^2.1.1
  checksum: 9fc1277e666db3af31df89e9e41f5c83da6e9de56d4a95b37e095d47ba1958238b8c7b49d4327b516465d46b6340bee723a97a7b2f28c5c7563f8b0a8fc9458a
  languageName: node
  linkType: hard

"debug@npm:^4.1.0":
  version: 4.3.2
  resolution: "debug@npm:4.3.2"
  dependencies:
    ms: 2.1.2
  peerDependenciesMeta:
    supports-color:
      optional: true
  checksum: 5543570879e2274f6725d4285a034d6e0822d35faefc6f55965933fb440e8c21eb3a0bef934e66f4b6b491f898ee2de37cab980e9d4fd61372136c19d3ce4527
  languageName: node
  linkType: hard

"escape-string-regexp@npm:^1.0.5":
  version: 1.0.5
  resolution: "escape-string-regexp@npm:1.0.5"
  checksum: f9484b8b4c8827d816e0fd905c25ed4b561376a9c220e1430403ea84619bf680c76a883a48cff8b8e091daf55d6a497e37479f9787b9f15f3c421b6054289744
  languageName: node
  linkType: hard

"esutils@npm:^2.0.2":
  version: 2.0.3
  resolution: "esutils@npm:2.0.3"
  checksum: 590b04533177f8f6f0f352b3ac7da6c1c1e3d8375d8973972fba9c94558ca168685fd38319c3c6f4c37ba256df7494a7f15d8e761df1655af8a8f0027d988f8f
  languageName: node
  linkType: hard

"function-bind@npm:^1.1.1":
  version: 1.1.1
  resolution: "function-bind@npm:1.1.1"
  checksum: ffad86e7d2010ba179aaa6a3987d2cc0ed48fa92d27f1ed84bfa06d14f77deeed5bfbae7f00bdebc0c54218392cab2b18ecc080e2c72f592431927b87a27d42b
  languageName: node
  linkType: hard

"globals@npm:^11.1.0":
  version: 11.12.0
  resolution: "globals@npm:11.12.0"
  checksum: 2563d3306a7e646fd9ec484b0ca29bf8847d9dc6ebbe86026f11e31bda04f420f6536c2decbd4cb96350379801d2cce352ab373c40be8b024324775b31f882f9
  languageName: node
  linkType: hard

"has-flag@npm:^3.0.0":
  version: 3.0.0
  resolution: "has-flag@npm:3.0.0"
  checksum: 63aade480d27aeedb3b5b63a2e069d47d0006bf182338d662e7941cdc024e68a28418e0efa8dc5df30db9c4ee2407f39e6ea3f16cfbc6b83848b450826a28aa0
  languageName: node
  linkType: hard

"has@npm:^1.0.3":
  version: 1.0.3
  resolution: "has@npm:1.0.3"
  dependencies:
    function-bind: ^1.1.1
  checksum: c686e15300d41364486c099a9259d9c418022c294244843dcd712c4c286ff839d4f23a25413baa28c4d2c1e828afc2aaab70f685400b391533980223c71fa1ca
  languageName: node
  linkType: hard

"is-core-module@npm:^2.2.0":
  version: 2.4.0
  resolution: "is-core-module@npm:2.4.0"
  dependencies:
    has: ^1.0.3
  checksum: caa2b30873ed14dff76e5351e3c55a677b890cf19cc4263e9894702eb4bd64f81ce78552daad878ba72adcdc9e62cad45ca57928fc8b4bdc84a7ff8acf934389
  languageName: node
  linkType: hard

"js-tokens@npm:^4.0.0":
  version: 4.0.0
  resolution: "js-tokens@npm:4.0.0"
  checksum: 1fc4e4667ac2d972aba65148b9cbf9c17566b2394d3504238d8492bbd3e68f496c657eab06b26b40b17db5cac0a34d153a12130e2d2d2bb6dc2cdc8a4764eb1b
  languageName: node
  linkType: hard

"jsesc@npm:^2.5.1":
  version: 2.5.2
  resolution: "jsesc@npm:2.5.2"
  bin:
    jsesc: bin/jsesc
  checksum: ca91ec33d74c55959e4b6fdbfee2af5f38be74a752cf0a982702e3a16239f26c2abbe19f5f84b15592570dda01872e929a90738615bd445f7b9b859781cfcf68
  languageName: node
  linkType: hard

"json5@npm:^0.5.0":
  version: 0.5.1
  resolution: "json5@npm:0.5.1"
  bin:
    json5: lib/cli.js
  checksum: 002ce9e56c4159e5a62fc4891dc2fba1fdc077fba417042e9dd54f8c37da80c0274feb5fa4c0acb3efbc8906d5763b4ff292d512269e1951967d530130bd80b8
  languageName: node
  linkType: hard

"lodash@npm:^4.17.10":
  version: 4.17.21
  resolution: "lodash@npm:4.17.21"
  checksum: 4983720b9abca930a4a46f18db163d7dad8dd00dbed6db0cc7b499b33b717cce69f80928b27bbb1ff2cbd3b19d251ee90669a8b5ea466072ca81c2ebe91e7468
  languageName: node
  linkType: hard

"ms@npm:2.1.2":
  version: 2.1.2
  resolution: "ms@npm:2.1.2"
  checksum: 9b65fb709bc30c0c07289dcbdb61ca032acbb9ea5698b55fa62e2cebb04c5953f1876a1f3f7f4bc2e91d4bf4d86003f3e207c3bc6ee2f716f99827e62389cd0e
  languageName: node
  linkType: hard

"ms@npm:^2.1.1":
  version: 2.1.3
  resolution: "ms@npm:2.1.3"
  checksum: 6e721e648a544154d5de4c114b32f573d8027ca8ec505cf6c1105e505986d6ac46934a1256735aa0eece8eb2f5b2a1230503b2dddd3b100f9f016fd8a4f15f33
  languageName: node
  linkType: hard

"path-parse@npm:^1.0.6":
  version: 1.0.7
  resolution: "path-parse@npm:1.0.7"
  checksum: 6de0bfa37b4f09af465ff3900fb4104ca9cb1e1fa5cbe869c40cedd10d5d625d04c284afc34967830eee780bf83fd69c017d72a23ffd35718ec861192ec91dd9
  languageName: node
  linkType: hard

"resolutions-simple@workspace:.":
  version: 0.0.0-use.local
  resolution: "resolutions-simple@workspace:."
  dependencies:
    "@babel/core": 7.0.0
  languageName: unknown
  linkType: soft

resolve@^1.3.2:
  version: 1.20.0
  resolution: "resolve@npm:1.20.0"
  dependencies:
    is-core-module: ^2.2.0
    path-parse: ^1.0.6
  checksum: 0f5206d454b30e74d9b2d575b5f8aedf443c4d8b90b84cdf79474ade29bb459075220da3127b682896872a16022ed65cc4db09e0f23849654144d3d75c65cd1b
  languageName: node
  linkType: hard

"resolve@patch:resolve@^1.3.2#builtin<compat/resolve>":
  version: 1.20.0
  resolution: "resolve@patch:resolve@npm%3A1.20.0#builtin<compat/resolve>::version=1.20.0&hash=3388aa"
  dependencies:
    is-core-module: ^2.2.0
    path-parse: ^1.0.6
  checksum: c4a515b76026806b5b26513fc7bdb80458c532bc91c02ef45ac928d1025585f93bec0b904be39c02131118a37ff7e3f9258f1526850b025d2ec0948bb5fd03d0
  languageName: node
  linkType: hard

"safe-buffer@npm:~5.1.1":
  version: 5.1.2
  resolution: "safe-buffer@npm:5.1.2"
  checksum: 2708587c1b5e70a5e420714ceb59f30f5791c6e831d39812125a008eca63a4ac18578abd020a0776ea497ff03b4543f2b2a223a7b9073bf2d6c7af9ec6829218
  languageName: node
  linkType: hard

"semver@npm:^5.4.1":
  version: 5.7.1
  resolution: "semver@npm:5.7.1"
  bin:
    semver: ./bin/semver
  checksum: 06ff0ed753ebf741b7602be8faad620d6e160a2cb3f61019d00d919c8bca141638aa23c34da779b8595afdc9faa3678bfbb5f60366b6a4f65f98cf86605bbcdb
  languageName: node
  linkType: hard

"source-map@npm:^0.5.0":
  version: 0.5.7
  resolution: "source-map@npm:0.5.7"
  checksum: 737face96577a2184a42f141607fcc2c9db5620cb8517ae8ab3924476defa138fc26b0bab31e98cbd6f19211ecbf78400b59f801ff7a0f87aa9faa79f7433e10
  languageName: node
  linkType: hard

"supports-color@npm:^5.3.0":
  version: 5.5.0
  resolution: "supports-color@npm:5.5.0"
  dependencies:
    has-flag: ^3.0.0
  checksum: edacee6425498440744c418be94b0660181aad2a1828bcf2be85c42bd385da2fd8b2b358d9b62b0c5b03ff5cd3e992458d7b8f879d9fb42f2201fe05a4848a29
  languageName: node
  linkType: hard

"to-fast-properties@npm:^2.0.0":
  version: 2.0.0
  resolution: "to-fast-properties@npm:2.0.0"
  checksum: 40e61984243b183d575a2f3a87d008bd57102115701ee9037fd673e34becf12ee90262631857410169ca82f401a662ed94482235cea8f3b8dea48b87eaabc467
  languageName: node
  linkType: hard
