lockfileVersion: 5.3

specifiers:
  express: ^4.17.1
  asn1.js: ^4.10.1
  npmconf: ^0.0.24
  util: ^0.10.3

dependencies:
  express: 4.17.1
  npmconf: 0.0.24
  
devdependencies:
  util: 0.10.3
  asn1.js: 4.10.1

packages:

  /array-flatten/1.1.1:
    resolution: {integrity: sha1-ml9pkFGx5wczKPKgCJaLZOopVdI=}
    dev: false

  /accepts/1.3.7:
    resolution: {integrity: sha512-Il80Qs2WjYlJIBNzNkK6KYqlVMTbZLXgHx2oT0pU/fjRHyEp+PEfEPY0R3WCwAGVOtauxh1hOxNgIf5bv7dQpA==}
    engines: {node: '>= 0.6'}
    dependencies:
      mime-types: 2.1.31
      negotiator: 0.6.2
    dev: false

  /express/4.17.1:
    resolution: {integrity: sha512-mHJ9O79RqluphRrcw2X/GTh3k9tVv8YcoyY4Kkh4WDMUYKRZUq0h1o0w2rrrxBqM7VoeUVqgb27xlEMXTnYt4g==}
    engines: {node: '>= 0.10.0'}
    dependencies:
      accepts: 1.3.7
      array-flatten: 1.1.1
    dev: false

  /mime-db/1.48.0:
    resolution: {integrity: sha512-FM3QwxV+TnZYQ2aRqhlKBMHxk10lTbMt3bBkMAp54ddrNeVSfcQYOOKuGuy3Ddrm38I04If834fOUSq1yzslJQ==}
    engines: {node: '>= 0.6'}
    dev: false

  /mime-types/2.1.31:
    resolution: {integrity: sha512-XGZnNzm3QvgKxa8dpzyhFTHmpP3l5YNusmne07VUOXxou9CqUqYa/HBy124RqtVh/O2pECas/MOcsDgpilPOPg==}
    engines: {node: '>= 0.6'}
    dependencies:
      mime-db: 1.48.0
    dev: false

  /negotiator/0.6.2:
    resolution: {integrity: sha512-hZXc7K2e+PgeI1eDBe/10Ard4ekbfrrqG8Ep+8Jmf4JID2bNg7NvCPOZN+kfF574pFQI7mum2AUqDidoKqcTOw==}
    engines: {node: '>= 0.6'}
    dev: false

  /asn1.js/4.10.1:
    resolution: {integrity: sha512-p32cOF5q0Zqs9uBiONKYLm6BClCoBCM5O9JfeUSlnQLBTxYdTK+pW+nXflm8UkKd2UYlEbYz5qEi0JuZR9ckSw==}
    dependencies:
      bn.js: 4.11.8
      inherits: 2.0.3
      minimalistic-assert: 1.0.1
    dev: true

  /bn.js/4.11.8:
    resolution: {integrity: sha512-ItfYfPLkWHUjckQCk8xC+LwxgK8NYcXywGigJgSwOP8Y2iyWT4f2vsZnoOXTTbo+o5yXmIUJ4gn5538SO5S3gA==}
    dev: true

  /inherits/1.0.2:
    resolution: {integrity: sha1-ykMJ2t7mtUzAuNJH6NfHoJdb3Js=}
    dev: false

  /inherits/2.0.1:
    resolution: {integrity: sha1-sX0I0ya0Qj5Wjv9xn5GwscvfafE=}
    dev: true

  /inherits/2.0.3:
    resolution: {integrity: sha1-Yzwsg+PaQqUC9SRmAiSA9CCCYd4=}
    dev: true

  /minimalistic-assert/1.0.1:
    resolution: {integrity: sha512-UtJcAD4yEaGtjPezWuO9wC4nwUnVH/8/Im3yEHQP4b67cXlD/Qr9hdITCU1xDbSEXg2XKNaP8jsReV7vQd00/A==}
    dev: true

  /npmconf/0.0.24:
    resolution: {integrity: sha1-t4h1sIjMw8Cvo+zrPOMkSxtSOQw=}
    deprecated: this package has been reintegrated into npm and is now out of date with respect to npm
    dependencies:
      inherits: 1.0.2
    dev: false

  /util/0.10.3:
    resolution: {integrity: sha1-evsa/lCAUkZInj23/g7TeTNqwPk=}
    dependencies:
      inherits: 2.0.1
    dev: true


