# This file is generated by running "yarn install" inside your project.
# Manual changes might be lost - proceed with caution!

__metadata:
  version: 6
  cacheKey: 8

"accepts@npm:1.3.7":
  version: 1.3.7
  resolution: "accepts@npm:1.3.7"
  dependencies:
    mime-types: ~2.1.24
    negotiator: 0.6.2
  checksum: 27fc8060ffc69481ff6719cd3ee06387d2b88381cb0ce626f087781bbd02201a645a9febc8e7e7333558354b33b1d2f922ad13560be4ec1b7ba9e76fc1c1241d
  languageName: node
  linkType: hard

"accepts@npm:~1.2.7":
  version: 1.2.13
  resolution: "accepts@npm:1.2.13"
  dependencies:
    mime-types: ~2.1.6
    negotiator: 0.5.3
  checksum: d64e055d98bccc82e46cf969806bf0bd06a221d9a18f4a9115280a6da941cdb6ff43ba62a6089bd9d8a8d476b0544f2173a290749bfd009be1a1c09274a7c5c2
  languageName: node
  linkType: hard

"content-disposition@npm:0.5.0":
  version: 0.5.0
  resolution: "content-disposition@npm:0.5.0"
  checksum: c357da0fc8fe71a7f2af4ab6081f11f0369008acdd9e4a7c7ad8af98169ec70346aeac4fc1e6857edb95d30cdc135e98814b6b6696f133c420b45688158980b0
  languageName: node
  linkType: hard

"content-type@npm:~1.0.1":
  version: 1.0.4
  resolution: "content-type@npm:1.0.4"
  checksum: 3d93585fda985d1554eca5ebd251994327608d2e200978fdbfba21c0c679914d5faf266d17027de44b34a72c7b0745b18584ecccaa7e1fdfb6a68ac7114f12e0
  languageName: node
  linkType: hard

"cookie-signature@npm:1.0.6":
  version: 1.0.6
  resolution: "cookie-signature@npm:1.0.6"
  checksum: f4e1b0a98a27a0e6e66fd7ea4e4e9d8e038f624058371bf4499cfcd8f3980be9a121486995202ba3fca74fbed93a407d6d54d43a43f96fd28d0bd7a06761591a
  languageName: node
  linkType: hard

"cookie@npm:0.1.2":
  version: 0.1.2
  resolution: "cookie@npm:0.1.2"
  checksum: d52209c4efd16b6368977ae81f8d290ab81e4f10974e2ed9ddaf14bb5ea2e4e43341d065a0dbb457f2b02b0cbc002dc5e21b6e991e749c741b1faab6300de11c
  languageName: node
  linkType: hard

"crc@npm:3.2.1":
  version: 3.2.1
  resolution: "crc@npm:3.2.1"
  checksum: 3380784d4c91c8e44a27bb02f3d6f7d39db0faefa69e1d59783e3ab17eeebd770f6fae36335b88439a87fefe8b599ea515aa6af6395f4137cbfb316a63cd5322
  languageName: node
  linkType: hard

"debug@npm:~2.2.0":
  version: 2.2.0
  resolution: "debug@npm:2.2.0"
  dependencies:
    ms: 0.7.1
  checksum: 06a55becb91b82c8084a2d7d3f73809180596c8ebbddd373a58c544efd3d66885dc0d80f9cda7e0613b2883a19c2b1d91550dc5dab3e0d4ca6fd42dc61784aa5
  languageName: node
  linkType: hard

"depd@npm:~1.0.1":
  version: 1.0.1
  resolution: "depd@npm:1.0.1"
  checksum: 1f151b47a9063028f41bbf8139f17c2e86a0b945938b80df0d96fd5ab258f8f3053bd8d9b8c59eb955ff84a157ceec8e749872c776fdb09e99c5e57a9ae941c8
  languageName: node
  linkType: hard

"destroy@npm:1.0.3":
  version: 1.0.3
  resolution: "destroy@npm:1.0.3"
  checksum: 14487fe7c80143c80b3aee408ea4e02cbc57d4cfcbed7743d6c8b397d4403a48d04d8a5c3f5af9e598150f641fd805d86b3924f36a80cf73e6e1f70df17d7a44
  languageName: node
  linkType: hard

"ee-first@npm:1.1.0":
  version: 1.1.0
  resolution: "ee-first@npm:1.1.0"
  checksum: f5cc34d9b30262dd60d35739e6215bc62b20e181061ea8e7f5611307e701c86076ecde5ce53754acd8ee73ce4f684bf5ebb70a81fc6f5ce38733363f22b05e81
  languageName: node
  linkType: hard

"escape-html@npm:1.0.1":
  version: 1.0.1
  resolution: "escape-html@npm:1.0.1"
  checksum: 5e8de9fb50e5739f7e09ebcfbc7effc04bf9776e49c1987085121144e7b11bbe7d9ff16bb2771ccb8bea79883ac07a66bedcb39698c469972b857ff4489d4cc6
  languageName: node
  linkType: hard

"etag@npm:~1.6.0":
  version: 1.6.0
  resolution: "etag@npm:1.6.0"
  dependencies:
    crc: 3.2.1
  checksum: fd0096287d79afa49b6869078d6b2282a538c63c6c4d1ae9047cc1b7fa5931da7bfaa90dbc3a8632f75535a80c49adf3f98df78e04e430429116434fc0b0ed1c
  languageName: node
  linkType: hard

"express@npm:4.12.4":
  version: 4.12.4
  resolution: "express@npm:4.12.4"
  dependencies:
    accepts: ~1.2.7
    content-disposition: 0.5.0
    content-type: ~1.0.1
    cookie: 0.1.2
    cookie-signature: 1.0.6
    debug: ~2.2.0
    depd: ~1.0.1
    escape-html: 1.0.1
    etag: ~1.6.0
    finalhandler: 0.3.6
    fresh: 0.2.4
    merge-descriptors: 1.0.0
    methods: ~1.1.1
    on-finished: ~2.2.1
    parseurl: ~1.3.0
    path-to-regexp: 0.1.3
    proxy-addr: ~1.0.8
    qs: 2.4.2
    range-parser: ~1.0.2
    send: 0.12.3
    serve-static: ~1.9.3
    type-is: ~1.6.2
    utils-merge: 1.0.0
    vary: ~1.0.0
  checksum: 635409c929ec02af84d0d49a224daba4baaa4bb85eacad2e2c3b35cc1ea0fa13d04306b96b314c1c5f3ee4498b9c8d9221e322e5b0d34c5d0d83ef2fbea6c76a
  languageName: node
  linkType: hard

"finalhandler@npm:0.3.6":
  version: 0.3.6
  resolution: "finalhandler@npm:0.3.6"
  dependencies:
    debug: ~2.2.0
    escape-html: 1.0.1
    on-finished: ~2.2.1
  checksum: ada81f07e13fcaffb4d56ee353d8fadd4d7c0fbf76004b759e66a7e76c3af82b70892b5b087ad8e16e8b3040f05016f4642e1b04c39dde4c6782fa6410568c19
  languageName: node
  linkType: hard

"forwarded@npm:~0.1.0":
  version: 0.1.2
  resolution: "forwarded@npm:0.1.2"
  checksum: 54695c574292f9bc6bfa52111844337bc2e61cfcc5ec82f16b816d721a67a0c76b4849a34b57e38e51d64ddbb81aef974f393579f610ed1b990470e75abad2e0
  languageName: node
  linkType: hard

"fresh@npm:0.2.4":
  version: 0.2.4
  resolution: "fresh@npm:0.2.4"
  checksum: 83ce8b2519c9166f54827d3a8bd9d80195faebc770b82f42e8bc9752a379d258b33ab1c2a944ae53199b03150b537d0f480d5b92034ce2fd5b84a085a64ab00c
  languageName: node
  linkType: hard

"ipaddr.js@npm:1.0.5":
  version: 1.0.5
  resolution: "ipaddr.js@npm:1.0.5"
  checksum: 05955ab0eb54b789c313726f13fd434d2719873bfca2e0a687d0b90fc5dff1a75ddbc37b89474b3fee97249a50d6527d6a502eff5f5e4544fe875bbb2203864b
  languageName: node
  linkType: hard

"media-typer@npm:0.3.0":
  version: 0.3.0
  resolution: "media-typer@npm:0.3.0"
  checksum: af1b38516c28ec95d6b0826f6c8f276c58aec391f76be42aa07646b4e39d317723e869700933ca6995b056db4b09a78c92d5440dc23657e6764be5d28874bba1
  languageName: node
  linkType: hard

"merge-descriptors@npm:1.0.0":
  version: 1.0.0
  resolution: "merge-descriptors@npm:1.0.0"
  checksum: 89fc9319fae79fb3909174b86452bebdeddbc88be576d89805e97b44280ec3fd0b770bdacd8f669868ce2305a6be4893b2f8d18bbc3be881b18b0e5e71097c89
  languageName: node
  linkType: hard

"methods@npm:~1.1.1":
  version: 1.1.2
  resolution: "methods@npm:1.1.2"
  checksum: 0917ff4041fa8e2f2fda5425a955fe16ca411591fbd123c0d722fcf02b73971ed6f764d85f0a6f547ce49ee0221ce2c19a5fa692157931cecb422984f1dcd13a
  languageName: node
  linkType: hard

"mime-db@npm:1.52.0":
  version: 1.52.0
  resolution: "mime-db@npm:1.52.0"
  checksum: 0d99a03585f8b39d68182803b12ac601d9c01abfa28ec56204fa330bc9f3d1c5e14beb049bafadb3dbdf646dfb94b87e24d4ec7b31b7279ef906a8ea9b6a513f
  languageName: node
  linkType: hard

"mime-types@npm:~2.1.24, mime-types@npm:~2.1.6":
  version: 2.1.35
  resolution: "mime-types@npm:2.1.35"
  dependencies:
    mime-db: 1.52.0
  checksum: 89a5b7f1def9f3af5dad6496c5ed50191ae4331cc5389d7c521c8ad28d5fdad2d06fd81baf38fed813dc4e46bb55c8145bb0ff406330818c9cf712fb2e9b3836
  languageName: node
  linkType: hard

"mime@npm:1.3.4":
  version: 1.3.4
  resolution: "mime@npm:1.3.4"
  bin:
    mime: cli.js
  checksum: dec37977ac97d61f82944620a38267e1d389dc156df4800572b03904920ce15f9a440ab121f5f63decec7dc2263e46b3c1b903ea531c9d9d122f9c2f9298e87c
  languageName: node
  linkType: hard

"ms@npm:0.7.1":
  version: 0.7.1
  resolution: "ms@npm:0.7.1"
  checksum: 73b453879f26fe14ae41388cb3fb7483aa81e478950b3feff8433959a8e693b20797b0ed85e20fbe86ec65f094b283360987e05817979721513e7ec622dcde96
  languageName: node
  linkType: hard

"negotiator@npm:0.5.3":
  version: 0.5.3
  resolution: "negotiator@npm:0.5.3"
  checksum: 9e0a634b4a4e57f4ff4d53a3eb849ed4dfb4349ca2ae64af85a2cb1fed12c051e9f9c346f7b5d3ad440c996f08ead2a42897d930fa57df641a1d976d99172eb1
  languageName: node
  linkType: hard

"negotiator@npm:0.6.2":
  version: 0.6.2
  resolution: "negotiator@npm:0.6.2"
  checksum: dfddaff6c06792f1c4c3809e29a427b8daef8cd437c83b08dd51d7ee11bbd1c29d9512d66b801144d6c98e910ffd8723f2432e0cbf8b18d41d2a09599c975ab3
  languageName: node
  linkType: hard

"on-finished@npm:~2.2.1":
  version: 2.2.1
  resolution: "on-finished@npm:2.2.1"
  dependencies:
    ee-first: 1.1.0
  checksum: 6e7c723f8b12475e7026fa8118c7842d0eb3f851055d4cb60c6b714be7ac9fde1d4c8e74c03375e61818f19682e287faf7182b0dd73c70ec7d408e6b0e02ed4a
  languageName: node
  linkType: hard

"parseurl@npm:~1.3.0":
  version: 1.3.3
  resolution: "parseurl@npm:1.3.3"
  checksum: 407cee8e0a3a4c5cd472559bca8b6a45b82c124e9a4703302326e9ab60fc1081442ada4e02628efef1eb16197ddc7f8822f5a91fd7d7c86b51f530aedb17dfa2
  languageName: node
  linkType: hard

"path-to-regexp@npm:0.1.3":
  version: 0.1.3
  resolution: "path-to-regexp@npm:0.1.3"
  checksum: 38808b55db2bd048aad932ee1554d4b0a3229c783d156826ca3db08884bd0dd53f8f864190fb40bc131f9a6da69effe30edd869babd3f459e215b0a6ebd3b771
  languageName: node
  linkType: hard

"pkg-a@workspace:packages/pkg-a":
  version: 0.0.0-use.local
  resolution: "pkg-a@workspace:packages/pkg-a"
  dependencies:
    express: 4.12.4
    pkg-b: ^1.0.0
  languageName: unknown
  linkType: soft

"pkg-b@^1.0.0, pkg-b@workspace:packages/pkg-b":
  version: 0.0.0-use.local
  resolution: "pkg-b@workspace:packages/pkg-b"
  dependencies:
    accepts: 1.3.7
  languageName: unknown
  linkType: soft

"proxy-addr@npm:~1.0.8":
  version: 1.0.10
  resolution: "proxy-addr@npm:1.0.10"
  dependencies:
    forwarded: ~0.1.0
    ipaddr.js: 1.0.5
  checksum: 7d6a363c00e94bbec746bec3f076dc37cffbff18390d15808d28cff7dc84a7259856759bd483ae2d8c39dff96c25c452eaaafb88afd94330d0a0df907345de17
  languageName: node
  linkType: hard

"qs@npm:2.4.2":
  version: 2.4.2
  resolution: "qs@npm:2.4.2"
  checksum: fa5ab8d928146d8e39c86c7f022e972ffdfc5fd73b6eea2f5fa6908f4dc4b0cb31355a731e77428824706c8cab8e591e8f37c4bce68ebcb51e2a985039fb0562
  languageName: node
  linkType: hard

"range-parser@npm:~1.0.2":
  version: 1.0.3
  resolution: "range-parser@npm:1.0.3"
  checksum: 35c11f79ab0bb8b64e414c2efe794ff23c6f7b0c5bd49e65e4adeeaf714f14224a636044a40f656c4db6384b3218574d5340630911124a96c4a06e4e2199933a
  languageName: node
  linkType: hard

"send@npm:0.12.3":
  version: 0.12.3
  resolution: "send@npm:0.12.3"
  dependencies:
    debug: ~2.2.0
    depd: ~1.0.1
    destroy: 1.0.3
    escape-html: 1.0.1
    etag: ~1.6.0
    fresh: 0.2.4
    mime: 1.3.4
    ms: 0.7.1
    on-finished: ~2.2.1
    range-parser: ~1.0.2
  checksum: 8f425c5eecb9e8f4f421333423faf337831d2eb1d091cbdb8e87c05ce0b56ba539c6e77885311f64e8b5180786f504b8f371dd83f13d9f07937407da1ffb59e2
  languageName: node
  linkType: hard

"serve-static@npm:~1.9.3":
  version: 1.9.3
  resolution: "serve-static@npm:1.9.3"
  dependencies:
    escape-html: 1.0.1
    parseurl: ~1.3.0
    send: 0.12.3
    utils-merge: 1.0.0
  checksum: 054c1ce2ba5c3b9089d2a72266dbff0936d33d297a8d9822a3f3ae9f5755ed3d79dedc1b3595a534e4972eb1c975c1153e375087bf3d3eb6da3b0dd413499b2d
  languageName: node
  linkType: hard

"type-is@npm:~1.6.2":
  version: 1.6.18
  resolution: "type-is@npm:1.6.18"
  dependencies:
    media-typer: 0.3.0
    mime-types: ~2.1.24
  checksum: 2c8e47675d55f8b4e404bcf529abdf5036c537a04c2b20177bcf78c9e3c1da69da3942b1346e6edb09e823228c0ee656ef0e033765ec39a70d496ef601a0c657
  languageName: node
  linkType: hard

"utils-merge@npm:1.0.0":
  version: 1.0.0
  resolution: "utils-merge@npm:1.0.0"
  checksum: 6b7149df35a99bf9894d7320bcc907e190ad296368ac85f252c227782651d9ffa5bd2d6a2e2ab98b7f023f18bc16a3b31f0ee5683e02e1cbcd5c886f6c7e3c1c
  languageName: node
  linkType: hard

"vary@npm:~1.0.0":
  version: 1.0.1
  resolution: "vary@npm:1.0.1"
  checksum: c6d4625d0f066e60cc095c2c58fab11adb50659668a27e5b8ae19110013b917f47240fca71337f3499443d3416393c7df8ad200e0110b26cc7d9f008602a9402
  languageName: node
  linkType: hard

"yarn-1-workspace-with-cross-ref@workspace:.":
  version: 0.0.0-use.local
  resolution: "yarn-1-workspace-with-cross-ref@workspace:."
  languageName: unknown
  linkType: soft
