# This file is generated by running "yarn install" inside your project.
# Manual changes might be lost - proceed with caution!

__metadata:
  version: 4
  cacheKey: 7

"adm-zip@npm:0.4.8":
  version: 0.4.8
  resolution: "adm-zip@npm:0.4.8"
  checksum: b5d43bea76284a168736952bcc16c229ab52c4bf07e59f5ec52beaad3834ecae7b2bc5a232dd1b7f85a71d6397adb2d7e06f0ef32f9aad0c4f6130f1d330137c
  languageName: node
  linkType: hard

"goof@workspace:.":
  version: 0.0.0-use.local
  resolution: "goof@workspace:."
  dependencies:
    adm-zip: 0.4.7
  languageName: unknown
  linkType: soft
