# This file is generated by running "yarn install" inside your project.
# Manual changes might be lost - proceed with caution!

__metadata:
  version: 8
  cacheKey: 10c0

"isomorphic-fetch@npm:^2.1.1":
  version: 2.2.1
  resolution: "isomorphic-fetch@npm:2.2.1"
  dependencies:
    node-fetch: "npm:^1.0.1"
    whatwg-fetch: "npm:>=0.10.0"
  checksum: 10c0/ea9fd37d31ec7b35b82180e1946d4a2f512506d0559fa567ec6ee6701ff1c6d924be90e75499c50982274b707e03ecd9eaa21d618872dd0deff530e4c3bdb074
  languageName: node
  linkType: hard

"node-fetch@npm:2.6.7":
  version: 2.6.7
  resolution: "node-fetch@npm:2.6.7"
  dependencies:
    whatwg-url: "npm:^5.0.0"
  peerDependencies:
    encoding: ^0.1.0
  peerDependenciesMeta:
    encoding:
      optional: true
  checksum: 10c0/fcae80f5ac52fbf5012f5e19df2bd3915e67d3b3ad51cb5942943df2238d32ba15890fecabd0e166876a9f98a581ab50f3f10eb942b09405c49ef8da36b826c7
  languageName: node
  linkType: hard

"resolutions-scoped-versioned@workspace:.":
  version: 0.0.0-use.local
  resolution: "resolutions-scoped-versioned@workspace:."
  dependencies:
    isomorphic-fetch: "npm:^2.1.1"
  languageName: unknown
  linkType: soft

"tr46@npm:~0.0.3":
  version: 0.0.3
  resolution: "tr46@npm:0.0.3"
  checksum: 10c0/047cb209a6b60c742f05c9d3ace8fa510bff609995c129a37ace03476a9b12db4dbf975e74600830ef0796e18882b2381fb5fb1f6b4f96b832c374de3ab91a11
  languageName: node
  linkType: hard

"webidl-conversions@npm:^3.0.0":
  version: 3.0.1
  resolution: "webidl-conversions@npm:3.0.1"
  checksum: 10c0/5612d5f3e54760a797052eb4927f0ddc01383550f542ccd33d5238cfd65aeed392a45ad38364970d0a0f4fea32e1f4d231b3d8dac4a3bdd385e5cf802ae097db
  languageName: node
  linkType: hard

"whatwg-fetch@npm:>=0.10.0":
  version: 3.6.20
  resolution: "whatwg-fetch@npm:3.6.20"
  checksum: 10c0/fa972dd14091321d38f36a4d062298df58c2248393ef9e8b154493c347c62e2756e25be29c16277396046d6eaa4b11bd174f34e6403fff6aaca9fb30fa1ff46d
  languageName: node
  linkType: hard

"whatwg-url@npm:^5.0.0":
  version: 5.0.0
  resolution: "whatwg-url@npm:5.0.0"
  dependencies:
    tr46: "npm:~0.0.3"
    webidl-conversions: "npm:^3.0.0"
  checksum: 10c0/1588bed84d10b72d5eec1d0faa0722ba1962f1821e7539c535558fb5398d223b0c50d8acab950b8c488b4ba69043fd833cc2697056b167d8ad46fac3995a55d5
  languageName: node
  linkType: hard
