lockfileVersion: '9.0'

settings:
  autoInstallPeers: true
  excludeLinksFromLockfile: false

overrides:
  ms: 1.0.0

importers:

  .:
    dependencies:
      debug:
        specifier: 4.3.1
        version: 4.3.1

packages:

  debug@4.3.1:
    resolution: {integrity: sha512-doEwdvm4PCeK4K3RQN2ZC2BYUBaxwLARCqZmMjtF8a51J2Rb0xpVloFRnCODwqjpwnAoao4pelN8l3RJdv3gRQ==}
    engines: {node: '>=6.0'}
    peerDependencies:
      supports-color: '*'
    peerDependenciesMeta:
      supports-color:
        optional: true

  ms@1.0.0:
    resolution: {integrity: sha512-85ytwCiGUnD84ui6ULG1KBFMaZgHW3jg5KPr9jt+ZPYt75+XK+JGbYddGrBQ+RSHXOhekCnCZwJywBoFvFl0kw==}

snapshots:

  debug@4.3.1:
    dependencies:
      ms: 1.0.0

  ms@1.0.0: {}
