lockfileVersion: 5.4

overrides:
  ms: 1.0.0

specifiers:
  debug: 4.3.1

dependencies:
  debug: 4.3.1

packages:

  /debug/4.3.1:
    resolution: {integrity: sha512-doEwdvm4PCeK4K3RQN2ZC2BYUBaxwLARCqZmMjtF8a51J2Rb0xpVloFRnCODwqjpwnAoao4pelN8l3RJdv3gRQ==}
    engines: {node: '>=6.0'}
    peerDependencies:
      supports-color: '*'
    peerDependenciesMeta:
      supports-color:
        optional: true
    dependencies:
      ms: 1.0.0
    dev: false

  /ms/1.0.0:
    resolution: {integrity: sha512-85ytwCiGUnD84ui6ULG1KBFMaZgHW3jg5KPr9jt+ZPYt75+XK+JGbYddGrBQ+RSHXOhekCnCZwJywBoFvFl0kw==}
    dev: false
