# This file is generated by running "yarn install" inside your project.
# Manual changes might be lost - proceed with caution!

__metadata:
  version: 8
  cacheKey: 1ff0

"npm-protocol-test@workspace:.":
  version: 0.0.0-use.local
  resolution: "npm-protocol-test@workspace:."
  languageName: unknown
  linkType: soft
  dependencies:
    lodash: npm:^4.17.0

"lodash@npm:^4.17.0":
  version: 4.17.21
  resolution: "lodash@npm:4.17.21"
  checksum: placeholder
  languageName: node
  linkType: hard
