# This file is generated by running "yarn install" inside your project.
# Manual changes might be lost - proceed with caution!

__metadata:
  version: 4
  cacheKey: 7

"debug@npm:2.6.9":
  version: 2.6.9
  resolution: "debug@npm:2.6.9"
  dependencies:
    ms: 2.0.0
  checksum: 559f44f98cf25e2ee489022aec173afbff746564cb108c4493becb95bc3c017a67bdaa25a0ff64801fd32c35051d00af0e56cc7f762ae2c3bc089496e5a1c31b
  languageName: node
  linkType: hard

"depd@npm:~1.1.2":
  version: 1.1.2
  resolution: "depd@npm:1.1.2"
  checksum: f45566ff7019a346852f095768a380778ed544de24e103b479fd5d3e61982d670efbb5234c09d0588d7fdb09c26c48283d7150e4be5e6ce5d3d37cd268d75c4d
  languageName: node
  linkType: hard

"destroy@npm:~1.0.4":
  version: 1.0.4
  resolution: "destroy@npm:1.0.4"
  checksum: 5a516fc5a8a8089eecdac11da2339353542be7a71102dc5a1372ef6161501bf5c1ee59ff9f8a3f5f14cc8c88594d606f855f816d46a228ee5e0e5cb2b543534b
  languageName: node
  linkType: hard

"ee-first@npm:1.1.1":
  version: 1.1.1
  resolution: "ee-first@npm:1.1.1"
  checksum: ba74f91398e3ee3b6d665b2f0d13ad6530e89a7e64ec886a6eec0602fb8a5a274652960e21bd5d4b42fdeb9017d873ff872f50342d38779e955285977edb337c
  languageName: node
  linkType: hard

"encodeurl@npm:~1.0.2":
  version: 1.0.2
  resolution: "encodeurl@npm:1.0.2"
  checksum: 6ee5fcbcd245d2a2b6bd6fe36b80f91e31ab46e29192c50af00e8f860c0c2310ebbdaae40257878fdce90b42abcb3526895c7c3a2e229461ed1f0d0b5a020fc8
  languageName: node
  linkType: hard

"escape-html@npm:~1.0.3":
  version: 1.0.3
  resolution: "escape-html@npm:1.0.3"
  checksum: 900a7f2b80b9f89c85b7a303d1b7a4d354b93e328871414f165f13c5c209a80eab787e3a63429e596877def69fe4dcb3d1b55af655207a901a9ec99f7f148743
  languageName: node
  linkType: hard

"etag@npm:~1.8.1":
  version: 1.8.1
  resolution: "etag@npm:1.8.1"
  checksum: f18341a3c12a554ec46c0d4756bc9cae177e92f25a4ebd9ceefebf0ee448b675972fc110879f22b1bf514174713921ae5de9ff77af2062d422b1085588465a57
  languageName: node
  linkType: hard

"fresh@npm:0.5.2":
  version: 0.5.2
  resolution: "fresh@npm:0.5.2"
  checksum: 2f76c8505d1ea5a6d5accea3e7aff0b796bfa43364c84929254f33909fa08640948bd1728220d1ff5f4c2b378a65e97da647f2fe0f2b7ddb44001f6e0dc2e91f
  languageName: node
  linkType: hard

"http-errors@npm:~1.7.2":
  version: 1.7.3
  resolution: "http-errors@npm:1.7.3"
  dependencies:
    depd: ~1.1.2
    inherits: 2.0.4
    setprototypeof: 1.1.1
    statuses: ">= 1.5.0 < 2"
    toidentifier: 1.0.0
  checksum: 563ae4a3f19c89029212922bade6ffcd0e4b7fa52e539f08c8f6941de7eaccb00bf76cb7692662192f2f0d567d4ac1f9d6a3d0ee70b166c8540cf791497f90ea
  languageName: node
  linkType: hard

"inherits@npm:2.0.4":
  version: 2.0.4
  resolution: "inherits@npm:2.0.4"
  checksum: 98426da247ddfc3dcd7d7daedd90c3ca32d5b08deca08949726f12d49232aef94772a07b36cf4ff833e105ae2ef931777f6de4a6dd8245a216b9299ad4a50bea
  languageName: node
  linkType: hard

"mime@npm:1.6.0":
  version: 1.6.0
  resolution: "mime@npm:1.6.0"
  bin:
    mime: cli.js
  checksum: d540c24dd3e3a9e25e813714e55ff2f7841a3a1a47aed9786c508bd0251653d5e9abbfb1163c0c6e1be99f872d7fa1538c068bd6e306e9cb12dd9affa841a61e
  languageName: node
  linkType: hard

"ms@npm:1.0.0":
  version: 1.0.0
  resolution: "ms@npm:1.0.0"
  checksum: 465b5bf17cb20d2c526befc6d0ef2be20017660fa95f3534b10085fd1ba214862b9844c06fbc60223b563bfca1c950047a6e290aa9f5feb364fce0b8cbc349b0
  languageName: node
  linkType: hard

"ms@npm:2.1.1":
  version: 2.1.1
  resolution: "ms@npm:2.1.1"
  checksum: 81ad38c74df2473ce9fbed8bb71a00220c3d9e237ebd576306c9f6ca3221b251d602c7d199808944be1a3d7cda5883e72c77adb473734ba30f6e032165e05ebc
  languageName: node
  linkType: hard

"on-finished@npm:~2.3.0":
  version: 2.3.0
  resolution: "on-finished@npm:2.3.0"
  dependencies:
    ee-first: 1.1.1
  checksum: 362e64608287d31ffd96a15fb9305a410b3e4d07c86f277fae907e38af46bc6f5ff948de90eabb81dc5632ca7f9a290085acc5410c378053dfa9860451d97ee5
  languageName: node
  linkType: hard

"range-parser@npm:~1.2.1":
  version: 1.2.1
  resolution: "range-parser@npm:1.2.1"
  checksum: 05074f5b23dbdc24acdae9821dd684fbc9c0d770cdaa4469ab529d8e0fc1338aa33561a4c7c14a1f9bdcb3b5e9a3770e5a80318258a72289a7ef05fcda72a707
  languageName: node
  linkType: hard

"resolutions-simple@workspace:.":
  version: 0.0.0-use.local
  resolution: "resolutions-simple@workspace:."
  dependencies:
    send: 0.17.1
  languageName: unknown
  linkType: soft

"send@npm:0.17.1":
  version: 0.17.1
  resolution: "send@npm:0.17.1"
  dependencies:
    debug: 2.6.9
    depd: ~1.1.2
    destroy: ~1.0.4
    encodeurl: ~1.0.2
    escape-html: ~1.0.3
    etag: ~1.8.1
    fresh: 0.5.2
    http-errors: ~1.7.2
    mime: 1.6.0
    ms: 2.1.1
    on-finished: ~2.3.0
    range-parser: ~1.2.1
    statuses: ~1.5.0
  checksum: 58e4ab2e07e8dfb206ca954a9b85f4e367aba0e4d59ce4c9c96a82034385b67f25d33ad526fdb69d635744bbe4d8afea06e2c0348d7d32920e3489d86dc3ec6f
  languageName: node
  linkType: hard

"setprototypeof@npm:1.1.1":
  version: 1.1.1
  resolution: "setprototypeof@npm:1.1.1"
  checksum: 0efed4da5aec7535828ac07c3b560f0a54257a4a7d5390ffabe5530a083974aef577651507974215edb92a51efa142f22fb3242e24d630ba6adcbfc9e7f1ff2b
  languageName: node
  linkType: hard

"statuses@npm:>= 1.5.0 < 2, statuses@npm:~1.5.0":
  version: 1.5.0
  resolution: "statuses@npm:1.5.0"
  checksum: 57735269bf231176a60deb80f6d60214cb4a87663b0937e79497afe9aebe2597f8377fd28893f4d1776205f18dd0b927774a26b72051411ac5108e9e2dfc77d2
  languageName: node
  linkType: hard

"toidentifier@npm:1.0.0":
  version: 1.0.0
  resolution: "toidentifier@npm:1.0.0"
  checksum: 95720e8a0f98f1525f50ccbecbc2a23f0a1b4e448de03819dbbeda03adf0d2010fe64525fbc9d549765242550d341bb891672e4ac0b2cac58613cdd742324255
  languageName: node
  linkType: hard
