{
  "name": "simple-out-of-sync",
  "version": "1.0.0",
  "lockfileVersion": 2,
  "requires": true,
  "packages": {
    "": {
      "name": "simple-out-of-sync",
      "version": "1.0.0",
      "license": "ISC",
      "dependencies": {
        "lodash": "4.17.17"
      }
    },
    "node_modules/lodash": {
      "version": "4.17.17",
      "resolved": "https://registry.npmjs.org/lodash/-/lodash-4.17.17.tgz",
      "integrity": "sha512-/B2DjOphAoqi5BX4Gg2oh4UR0Gy/A7xYAMh3aSECEKzwS3eCDEpS0Cals1Ktvxwlal3bBJNc+5W9kNIcADdw5Q=="
    }
  },
  "dependencies": {
    "lodash": {
      "version": "4.17.17",
      "resolved": "https://registry.npmjs.org/lodash/-/lodash-4.17.17.tgz",
      "integrity": "sha512-/B2DjOphAoqi5BX4Gg2oh4UR0Gy/A7xYAMh3aSECEKzwS3eCDEpS0Cals1Ktvxwlal3bBJNc+5W9kNIcADdw5Q=="
    }
  }
}
