# THIS IS AN AUTOGENERATED FILE. DO NOT EDIT THIS FILE DIRECTLY.
# yarn lockfile v1


"pkg-sha512@^1.0.0":
  version "1.0.0"
  resolved "https://registry.yarnpkg.com/pkg-sha512/-/pkg-sha512-1.0.0.tgz#aaaaaaaaaaaaaaaaaaaaaaaaaaaaaaaaaaaaaaaa"
  integrity sha512-Il80Qs2WjYlJIBNzNkK6KYqlVMTbZLXgHx2oT0pU/fjRHyEp+PEfEPY0R3WCwAGVOtauxh1hOxNgIf5bv7dQpA==

"pkg-sha1@^1.0.0":
  version "1.0.0"
  resolved "https://registry.yarnpkg.com/pkg-sha1/-/pkg-sha1-1.0.0.tgz"
  integrity sha1-w7M6te42DYbg5ijwRorn7yfWVN8=

"pkg-fragment-only@^1.0.0":
  version "1.0.0"
  resolved "https://registry.yarnpkg.com/pkg-fragment-only/-/pkg-fragment-only-1.0.0.tgz#80aec64c9d6d97e65cc2a9caa93c0aa6abf73aaa"

"git-dep@github:foo/bar":
  version "2.0.0"
  resolved "git+ssh://git@github.com/foo/bar.git#263f602e6ae34add6332c1eb4caa808893b0b711"
