# This file is generated by running "yarn install" inside your project.
# Manual changes might be lost - proceed with caution!

__metadata:
  version: 8
  cacheKey: 10c0

"lodash@patch:lodash@npm%3A4.17.21#./patches/lodash.patch::locator=patch-protocol-test%40workspace%3A.":
  version: 4.17.21
  resolution: "lodash@patch:lodash@npm%3A4.17.21#./patches/lodash.patch::version=4.17.21&hash=abcdef&locator=patch-protocol-test%40workspace%3A."
  checksum: 10c0/1234567890abcdef1234567890abcdef1234567890abcdef1234567890abcdef1234567890abcdef1234567890abcdef1234567890abcdef1234567890abcdef
  languageName: node
  linkType: hard

"patch-protocol-test@workspace:.":
  version: 0.0.0-use.local
  resolution: "patch-protocol-test@workspace:."
  dependencies:
    lodash: "patch:lodash@npm%3A4.17.21#./patches/lodash.patch"
  languageName: unknown
  linkType: soft
