lockfileVersion: 5.3

importers:

  .:
    specifiers:

  packages/demo:
    specifiers:
    dependencies:
    devDependencies:
      webpack: 4.41.6

packages:

  /@webassemblyjs/ast/1.8.5:
    resolution: {integrity: sha512-aJMfngIZ65+t71C3y2nBBg5FFG0Okt9m0XEgWZ7Ywgn1oMAT8cNwx00Uv1cQyHtidq0Xn94R4TAywO+LCQ+ZAQ==}
    dependencies:
      '@webassemblyjs/helper-module-context': 1.8.5
    dev: true

  /@webassemblyjs/helper-module-context/1.8.5:
    resolution: {integrity: sha512-/O1B236mN7UNEU4t9X7Pj38i4VoU8CcMHyy3l2cV/kIF4U5KoHXDVqcDuOs1ltkac90IM4vZdHc52t1x8Yfs3g==}
    dependencies:
      '@webassemblyjs/ast': 1.8.5
    dev: true
  
  /webpack/4.41.6:
    resolution: {integrity: sha512-yxXfV0Zv9WMGRD+QexkZzmGIh54bsvEs+9aRWxnN8erLWEOehAKUTeNBoUbA6HPEZPlRo7KDi2ZcNveoZgK9MA==}
    engines: {node: '>=6.11.5'}
    hasBin: true
    dependencies:
      '@webassemblyjs/ast': 1.8.5
      '@webassemblyjs/helper-module-context': 1.8.5
    dev: true

