# This file is generated by running "yarn install" inside your project.
# Manual changes might be lost - proceed with caution!

__metadata:
  version: 6

"simple-cyclic-chain@workspace:.":
  version: 0.0.0-use.local
  resolution: "empty@workspace:."
  languageName: unknown
  linkType: soft
  dependencies:
    a: 1.0.0

"a@npm:1.0.0":
  version: 1.0.0
  resolution: "a@npm:1.0.0"
  dependencies:
    b: 1.0.0

"b@npm:1.0.0":
  version: 1.0.0
  resolution: "b@npm:1.0.0"
  dependencies:
    a: 1.0.0

