lockfileVersion: '7.0'

settings:
  autoInstallPeers: true
  excludeLinksFromLockfile: false

importers:

  .:
    dependencies:
      a:
        specifier: 1.0.0
        version: 1.0.0

packages:

  a@1.0.0:
    resolution: {integrity: sha512-RUQ9/8WXBcC9FKIkjROXvD+cTFaJwLBJa3gGKWl4E4o12vUUJFyfz5Sr+HkJkGH3FdsMXCKZgmtXBB2a1myhGg==}
    hasBin: true

  a_mock@1.0.0:
    resolution: {integrity: sha512-khbYrUkgMCp3fDrZdJPSzf/fVNw4wu6idggStXEXiOtZpmQwt0g+XbuPG6WUM4b2nJJ6FzOwHcUdpUYpZvaEZQ==}

  a_test@0.1.9:
    resolution: {integrity: sha512-AOwGc3/lqSuI9lpR8sOkcnqQpZeQNuYd2jCh86KTJYOW1vj3H3cJ1QJGBY2GkZalMHZ7j0Zs8Zg+qybS72z2JA==}
    hasBin: true

  d@0.1.1:
    resolution: {integrity: sha512-0SdM9V9pd/OXJHoWmTfNPTAeD+lw6ZqHg+isPyBFuJsZLSE0Ygg1cYZ/0l6DrKQXMOqGOu1oWupMoOfoRfMZrQ==}

  d@1.0.2:
    resolution: {integrity: sha512-MOqHvMWF9/9MX6nza0KgvFH4HpMU0EF5uUDXqX/BtxtU8NfB0QzRtJ8Oe/6SuS4kbhyzVJwjd97EA4PKrzJ8bw==}
    engines: {node: '>=0.12'}

  deferred@0.7.1:
    resolution: {integrity: sha512-sZv6s7Du4/zSJ8BllPdSJAvQnCgr0thZa5t2E53wqoyrTcAxide7lX9ixfU2hd/N8xPXgpigOJKuiiWKGshubg==}

  es5-ext@0.10.64:
    resolution: {integrity: sha512-p2snDhiLaXe6dahss1LddxqEm+SkuDvV8dnIQG0MWjyHpcMNfXKPE+/Cc0y+PhxJX3A4xGNeFCj5oc0BUh6deg==}
    engines: {node: '>=0.10'}

  es6-iterator@2.0.3:
    resolution: {integrity: sha512-zw4SRzoUkd+cl+ZoE15A9o1oQd920Bb0iOJMQkQhl3jNc03YqVjAhG7scf9C5KWRU/R13Orf588uCC6525o02g==}

  es6-symbol@3.1.4:
    resolution: {integrity: sha512-U9bFFjX8tFiATgtkJ1zg25+KviIXpgRvRHS8sau3GfhVzThRQrOeksPeT0BWW2MNZs1OEWJ1DPXOQMn0KKRkvg==}
    engines: {node: '>=0.12'}

  esniff@2.0.1:
    resolution: {integrity: sha512-kTUIGKQ/mDPFoJ0oVfcmyJn4iBDRptjNVIzwIFR7tqWXdVI9xfA2RMwY/gbSpJG3lkdWNEjLap/NqVHZiJsdfg==}
    engines: {node: '>=0.10'}

  event-emitter@0.3.5:
    resolution: {integrity: sha512-D9rRn9y7kLPnJ+hMq7S/nhvoKwwvVJahBi2BPmx3bvbsEdK3W9ii8cBSGjP+72/LnM4n6fo3+dkCX5FeTQruXA==}

  ext@1.7.0:
    resolution: {integrity: sha512-6hxeJYaL110a9b5TEJSj0gojyHQAmA2ch5Os+ySCiA1QGdS697XWY1pzsrSjqA9LDEEgdB/KypIlR59RcLuHYw==}

  next-tick@0.2.2:
    resolution: {integrity: sha512-f7h4svPtl+QidoBv4taKXUjJ70G2asaZ8G28nS0OkqaalX8dwwrtWtyxEDPK62AC00ur/+/E0pUwBwY5EPn15Q==}

  next-tick@1.1.0:
    resolution: {integrity: sha512-CXdUiJembsNjuToQvxayPZF9Vqht7hewsvy2sOWafLvi2awflj9mOC6bHIg50orX8IJvWKY9wYQ/zB2kogPslQ==}

  type@2.7.2:
    resolution: {integrity: sha512-dzlvlNlt6AXU7EBSfpAscydQ7gXB+pPGsPnfJnZpiNJBDj7IaJzQlBZYGdEi4R9HmPdBv2XmWJ6YUtoTa7lmCw==}

snapshots:

  a@1.0.0:
    dependencies:
      a_mock: 1.0.0
      a_test: 0.1.9

  a_mock@1.0.0:
    dependencies:
      deferred: 0.7.1

  a_test@0.1.9: {}

  d@0.1.1:
    dependencies:
      es5-ext: 0.10.64

  d@1.0.2:
    dependencies:
      es5-ext: 0.10.64
      type: 2.7.2

  deferred@0.7.1:
    dependencies:
      d: 0.1.1
      es5-ext: 0.10.64
      event-emitter: 0.3.5
      next-tick: 0.2.2

  es5-ext@0.10.64:
    dependencies:
      es6-iterator: 2.0.3
      es6-symbol: 3.1.4
      esniff: 2.0.1
      next-tick: 1.1.0

  es6-iterator@2.0.3:
    dependencies:
      d: 1.0.2
      es5-ext: 0.10.64
      es6-symbol: 3.1.4

  es6-symbol@3.1.4:
    dependencies:
      d: 1.0.2
      ext: 1.7.0

  esniff@2.0.1:
    dependencies:
      d: 1.0.2
      es5-ext: 0.10.64
      event-emitter: 0.3.5
      type: 2.7.2

  event-emitter@0.3.5:
    dependencies:
      d: 1.0.2
      es5-ext: 0.10.64

  ext@1.7.0:
    dependencies:
      type: 2.7.2

  next-tick@0.2.2: {}

  next-tick@1.1.0: {}

  type@2.7.2: {}
