lockfileVersion: '9.0'

settings:
  autoInstallPeers: true
  excludeLinksFromLockfile: false

importers:

  .:
    dependencies:
      '@test/react':
        specifier: workspace:*
        version: link:shared/react
      send:
        specifier: 0.17.1
        version: 0.17.1

  shared/backend:
    dependencies:
      '@test/react':
        specifier: workspace:*
        version: link:../react
      body-parser:
        specifier: https://github.com/expressjs/body-parser/archive/1.9.0.tar.gz
        version: https://github.com/expressjs/body-parser/archive/1.9.0.tar.gz

  shared/react:
    dependencies:
      '@test/backend':
        specifier: workspace:*
        version: link:../backend
      debug:
        specifier: 4.3.1
        version: 4.3.1

packages:

  body-parser@https://github.com/expressjs/body-parser/archive/1.9.0.tar.gz:
    resolution: {tarball: https://github.com/expressjs/body-parser/archive/1.9.0.tar.gz}
    version: 1.9.0
    engines: {node: '>= 0.8'}

  bytes@1.0.0:
    resolution: {integrity: sha512-/x68VkHLeTl3/Ll8IvxdwzhrT+IyKc52e/oyHhA2RwqPqswSnjVbSddfPRwAsJtbilMAPSRWwAlpxdYsSWOTKQ==}

  debug@2.6.9:
    resolution: {integrity: sha512-bC7ElrdJaJnPbAP+1EotYvqZsb3ecl5wi6Bfi6BJTUcNowp6cvspg0jXznRTKDjm/E7AdgFBVeAPVMNcKGsHMA==}
    peerDependencies:
      supports-color: '*'
    peerDependenciesMeta:
      supports-color:
        optional: true

  debug@4.3.1:
    resolution: {integrity: sha512-doEwdvm4PCeK4K3RQN2ZC2BYUBaxwLARCqZmMjtF8a51J2Rb0xpVloFRnCODwqjpwnAoao4pelN8l3RJdv3gRQ==}
    engines: {node: '>=6.0'}
    peerDependencies:
      supports-color: '*'
    peerDependenciesMeta:
      supports-color:
        optional: true

  depd@1.0.1:
    resolution: {integrity: sha512-OEWAMbCkK9IWQ8pfTvHBhCSqHgR+sk5pbiYqq0FqfARG4Cy+cRsCbITx6wh5pcsmfBPiJAcbd98tfdz5fnBbag==}
    engines: {node: '>= 0.6'}

  depd@1.1.2:
    resolution: {integrity: sha512-7emPTl6Dpo6JRXOXjLRxck+FlLRX5847cLKEn00PLAgc3g2hTZZgr+e4c2v6QpSmLeFP3n5yUo7ft6avBK/5jQ==}
    engines: {node: '>= 0.6'}

  destroy@1.0.4:
    resolution: {integrity: sha512-3NdhDuEXnfun/z7x9GOElY49LoqVHoGScmOKwmxhsS8N5Y+Z8KyPPDnaSzqWgYt/ji4mqwfTS34Htrk0zPIXVg==}

  ee-first@1.0.5:
    resolution: {integrity: sha512-+FCut34oNiJD2jD+YL/onRxOHF5ut3xOGgTIyEIOdYfun8AexYhEyurzv9izwhTft1Z7pdy4VlTq51K/sIsQRA==}

  ee-first@1.1.1:
    resolution: {integrity: sha512-WMwm9LhRUo+WUaRN+vRuETqG89IgZphVSNkdFgeb6sS/E4OrDIN7t48CAewSHXc6C8lefD8KKfr5vY61brQlow==}

  encodeurl@1.0.2:
    resolution: {integrity: sha512-TPJXq8JqFaVYm2CWmPvnP2Iyo4ZSM7/QKcSmuMLDObfpH5fi7RUGmd/rTDf+rut/saiDiQEeVTNgAmJEdAOx0w==}
    engines: {node: '>= 0.8'}

  escape-html@1.0.3:
    resolution: {integrity: sha512-NiSupZ4OeuGwr68lGIeym/ksIZMJodUGOSCZ/FSnTxcrekbvqrgdUxlJOMpijaKZVjAJrWrGs/6Jy8OMuyj9ow==}

  etag@1.8.1:
    resolution: {integrity: sha512-aIL5Fx7mawVa300al2BnEE4iNvo1qETxLrPI/o05L7z6go7fCw1J6EQmbK4FmJ2AS7kgVF/KEZWufBfdClMcPg==}
    engines: {node: '>= 0.6'}

  fresh@0.5.2:
    resolution: {integrity: sha512-zJ2mQYM18rEFOudeV4GShTGIQ7RbzA7ozbU9I/XBpm7kqgMywgmylMwXHxZJmkVoYkna9d2pVXVXPdYTP9ej8Q==}
    engines: {node: '>= 0.6'}

  http-errors@1.7.3:
    resolution: {integrity: sha512-ZTTX0MWrsQ2ZAhA1cejAwDLycFsd7I7nVtnkT3Ol0aqodaKW+0CTZDQ1uBv5whptCnc8e8HeRRJxRs0kmm/Qfw==}
    engines: {node: '>= 0.6'}

  iconv-lite@0.4.4:
    resolution: {integrity: sha512-BnjNp13aZpK4WBGbmjaNHN2MCp3P850n8zd/JLinQJ8Lsnq2Br4o2467C2waMsY5kr7Z41SL1gEqh8Vbfzg15A==}
    engines: {node: '>=0.8.0'}

  inherits@2.0.4:
    resolution: {integrity: sha512-k/vGaX4/Yla3WzyMCvTQOXYeIHvqOKtnqBduzTHpzpQZzAskKMhZ2K+EnBiSM9zGSoIFeMpXKxa4dYeZIQqewQ==}

  media-typer@0.3.0:
    resolution: {integrity: sha512-dq+qelQ9akHpcOl/gUVRTxVIOkAJ1wR3QAvb4RsVjS8oVoFjDGTc679wJYmUmknUF5HwMLOgb5O+a3KxfWapPQ==}
    engines: {node: '>= 0.6'}

  mime-db@1.12.0:
    resolution: {integrity: sha512-5aMAW7I4jZoZB27fXRuekqc4DVvJ7+hM8UcWrNj2mqibE54gXgPSonBYBdQW5hyaVNGmiYjY0ZMqn9fBefWYvA==}
    engines: {node: '>= 0.6'}

  mime-types@2.0.14:
    resolution: {integrity: sha512-2ZHUEstNkIf2oTWgtODr6X0Cc4Ns/RN/hktdozndiEhhAC2wxXejF1FH0XLHTEImE9h6gr/tcnr3YOnSGsxc7Q==}
    engines: {node: '>= 0.6'}

  mime@1.6.0:
    resolution: {integrity: sha512-x0Vn8spI+wuJ1O6S7gnbaQg8Pxh4NNHb7KSINmEWKiPE4RKOplvijn+NkmYmmRgP68mc70j2EbeTFRsrswaQeg==}
    engines: {node: '>=4'}
    hasBin: true

  ms@2.0.0:
    resolution: {integrity: sha512-Tpp60P6IUJDTuOq/5Z8cdskzJujfwqfOTkrwIwj7IRISpnkJnT6SyJ4PCPnGMoFjC9ddhal5KVIYtAt97ix05A==}

  ms@2.1.1:
    resolution: {integrity: sha512-tgp+dl5cGk28utYktBsrFqA7HKgrhgPsg6Z/EfhWI4gl1Hwq8B/GmY/0oXZ6nF8hDVesS/FpnYaD/kOWhYQvyg==}

  ms@2.1.2:
    resolution: {integrity: sha512-sGkPx+VjMtmA6MX27oA4FBFELFCZZ4S4XqeGOXCv68tT+jb3vk/RyaKWP0PTKyWtmLSM0b+adUTEvbs1PEaH2w==}

  on-finished@2.1.0:
    resolution: {integrity: sha512-33+g6TZkplndl+2k2VNO1YphX5hm79DGhBP6TJcDI9o1sCFbUvO2bgxPdGanIFqZK4su6OVLwPHY9GkLQrojgA==}

  on-finished@2.3.0:
    resolution: {integrity: sha512-ikqdkGAAyf/X/gPhXGvfgAytDZtDbr+bkNUJ0N9h5MI/dmdgCs3l6hoHrcUv41sRKew3jIwrp4qQDXiK99Utww==}
    engines: {node: '>= 0.8'}

  qs@2.2.4:
    resolution: {integrity: sha512-ptau9CngYR/IimcThDkAs7LzlZhxo92RiMHtLbOq3R6u9iDkixdSysaAVaZpYByrXWWantEJ4fVPl0xR2McSCQ==}

  range-parser@1.2.1:
    resolution: {integrity: sha512-Hrgsx+orqoygnmhFbKaHE6c296J+HTAQXoxEF6gNupROmmGJRoyzfG3ccAveqCBrwr/2yxQ5BVd/GTl5agOwSg==}
    engines: {node: '>= 0.6'}

  raw-body@1.3.0:
    resolution: {integrity: sha512-iuI1bOSi9tEmVCrXq02ZysXatTrhAu+fSo7XOQHhMo4g87dSy9YB2W/9Udwhz0bPpFk4UcoLhjrHgpPbRD3ktA==}
    engines: {node: '>= 0.8.0'}

  send@0.17.1:
    resolution: {integrity: sha512-BsVKsiGcQMFwT8UxypobUKyv7irCNRHk1T0G680vk88yf6LBByGcZJOTJCrTP2xVN6yI+XjPJcNuE3V4fT9sAg==}
    engines: {node: '>= 0.8.0'}

  setprototypeof@1.1.1:
    resolution: {integrity: sha512-JvdAWfbXeIGaZ9cILp38HntZSFSo3mWg6xGcJJsd+d4aRMOqauag1C63dJfDw7OaMYwEbHMOxEZ1lqVRYP2OAw==}

  statuses@1.5.0:
    resolution: {integrity: sha512-OpZ3zP+jT1PI7I8nemJX4AKmAX070ZkYPVWV/AaKTJl+tXCTGyVdC1a4SL8RUQYEwk/f34ZX8UTykN68FwrqAA==}
    engines: {node: '>= 0.6'}

  toidentifier@1.0.0:
    resolution: {integrity: sha512-yaOH/Pk/VEhBWWTlhI+qXxDFXlejDGcQipMlyxda9nthulaxLZUNcUqFxokp0vcYnvteJln5FNQDRrxj3YcbVw==}
    engines: {node: '>=0.6'}

  type-is@1.5.7:
    resolution: {integrity: sha512-of68V0oUmVH4thGc1cLR3sKdICPsaL7kzpYc7FX1pcagY4eIllhyMqQcoOq289f+xj2orm8oPWwsCwxiCgVJbQ==}
    engines: {node: '>= 0.6'}

snapshots:

  body-parser@https://github.com/expressjs/body-parser/archive/1.9.0.tar.gz:
    dependencies:
      bytes: 1.0.0
      depd: 1.0.1
      iconv-lite: 0.4.4
      media-typer: 0.3.0
      on-finished: 2.1.0
      qs: 2.2.4
      raw-body: 1.3.0
      type-is: 1.5.7

  bytes@1.0.0: {}

  debug@2.6.9:
    dependencies:
      ms: 2.0.0

  debug@4.3.1:
    dependencies:
      ms: 2.1.2

  depd@1.0.1: {}

  depd@1.1.2: {}

  destroy@1.0.4: {}

  ee-first@1.0.5: {}

  ee-first@1.1.1: {}

  encodeurl@1.0.2: {}

  escape-html@1.0.3: {}

  etag@1.8.1: {}

  fresh@0.5.2: {}

  http-errors@1.7.3:
    dependencies:
      depd: 1.1.2
      inherits: 2.0.4
      setprototypeof: 1.1.1
      statuses: 1.5.0
      toidentifier: 1.0.0

  iconv-lite@0.4.4: {}

  inherits@2.0.4: {}

  media-typer@0.3.0: {}

  mime-db@1.12.0: {}

  mime-types@2.0.14:
    dependencies:
      mime-db: 1.12.0

  mime@1.6.0: {}

  ms@2.0.0: {}

  ms@2.1.1: {}

  ms@2.1.2: {}

  on-finished@2.1.0:
    dependencies:
      ee-first: 1.0.5

  on-finished@2.3.0:
    dependencies:
      ee-first: 1.1.1

  qs@2.2.4: {}

  range-parser@1.2.1: {}

  raw-body@1.3.0:
    dependencies:
      bytes: 1.0.0
      iconv-lite: 0.4.4

  send@0.17.1:
    dependencies:
      debug: 2.6.9
      depd: 1.1.2
      destroy: 1.0.4
      encodeurl: 1.0.2
      escape-html: 1.0.3
      etag: 1.8.1
      fresh: 0.5.2
      http-errors: 1.7.3
      mime: 1.6.0
      ms: 2.1.1
      on-finished: 2.3.0
      range-parser: 1.2.1
      statuses: 1.5.0
    transitivePeerDependencies:
      - supports-color

  setprototypeof@1.1.1: {}

  statuses@1.5.0: {}

  toidentifier@1.0.0: {}

  type-is@1.5.7:
    dependencies:
      media-typer: 0.3.0
      mime-types: 2.0.14
