lockfileVersion: '6.0'

settings:
  autoInstallPeers: true
  excludeLinksFromLockfile: false

dependencies:
  npm:
    specifier: 6.14.17
    version: 6.14.17

packages:

  /npm@6.14.17:
    resolution: {integrity: sha512-CxEDn1ydVRPDl4tHrlnq+WevYAhv4GF2AEHzJKQ4prZDZ96IS3Uo6t0Sy6O9kB6XzqkI+J00WfYCqqk0p6IJ1Q==}
    engines: {node: 6 >=6.2.0 || 8 || >=9.3.0}
    hasBin: true
    dev: false
    bundledDependencies:
      - abbrev
      - ansicolors
      - ansistyles
      - aproba
      - archy
      - bin-links
      - bluebird
      - byte-size
      - cacache
      - call-limit
      - chownr
      - ci-info
      - cli-columns
      - cli-table3
      - cmd-shim
      - columnify
      - config-chain
      - debuglog
      - detect-indent
      - detect-newline
      - dezalgo
      - editor
      - figgy-pudding
      - find-npm-prefix
      - fs-vacuum
      - fs-write-stream-atomic
      - gentle-fs
      - glob
      - graceful-fs
      - has-unicode
      - hosted-git-info
      - iferr
      - imurmurhash
      - infer-owner
      - inflight
      - inherits
      - ini
      - init-package-json
      - is-cidr
      - json-parse-better-errors
      - JSONStream
      - lazy-property
      - libcipm
      - libnpm
      - libnpmaccess
      - libnpmhook
      - libnpmorg
      - libnpmsearch
      - libnpmteam
      - libnpx
      - lock-verify
      - lockfile
      - lodash._baseindexof
      - lodash._baseuniq
      - lodash._bindcallback
      - lodash._cacheindexof
      - lodash._createcache
      - lodash._getnative
      - lodash.clonedeep
      - lodash.restparam
      - lodash.union
      - lodash.uniq
      - lodash.without
      - lru-cache
      - meant
      - mississippi
      - mkdirp
      - move-concurrently
      - node-gyp
      - nopt
      - normalize-package-data
      - npm-audit-report
      - npm-cache-filename
      - npm-install-checks
      - npm-lifecycle
      - npm-package-arg
      - npm-packlist
      - npm-pick-manifest
      - npm-profile
      - npm-registry-fetch
      - npm-user-validate
      - npmlog
      - once
      - opener
      - osenv
      - pacote
      - path-is-inside
      - promise-inflight
      - qrcode-terminal
      - query-string
      - qw
      - read-cmd-shim
      - read-installed
      - read-package-json
      - read-package-tree
      - read
      - readable-stream
      - readdir-scoped-modules
      - request
      - retry
      - rimraf
      - safe-buffer
      - semver
      - sha
      - slide
      - sorted-object
      - sorted-union-stream
      - ssri
      - stringify-package
      - tar
      - text-table
      - tiny-relative-date
      - uid-number
      - umask
      - unique-filename
      - unpipe
      - update-notifier
      - uuid
      - validate-npm-package-license
      - validate-npm-package-name
      - which
      - worker-farm
      - write-file-atomic
