{
  "name": "goof",
  "version": "0.0.3",
  "lockfileVersion": 2,
  "requires": true,
  "packages": {
    "": {
      "name": "goof",
      "version": "0.0.3",
      "dependencies": {
        "adm-zip": "0.4.7"
      },
      "devDependencies": {}
    },
    "node_modules/adm-zip": {
      "version": "0.4.7",
      "resolved": "https://registry.npmjs.org/adm-zip/-/adm-zip-0.4.7.tgz",
      "integrity": "sha512-QHVQ6ekddFaGr9r2hBUC4gPw2wLqMZioXojt9BydQPbSh8us7+Q5xcUCUq+hnh4zAdauV3wqoY0quApjKqrhbA==",
      "engines": {
        "node": ">=0.3.0"
      }
    }
  },
  "dependencies": {
    "adm-zip": {
      "version": "0.4.7",
      "resolved": "https://registry.npmjs.org/adm-zip/-/adm-zip-0.4.7.tgz",
      "integrity": "sha512-QHVQ6ekddFaGr9r2hBUC4gPw2wLqMZioXojt9BydQPbSh8us7+Q5xcUCUq+hnh4zAdauV3wqoY0quApjKqrhbA=="
    }
  }
}
