{
  "name": "transitive-resolves-to-alias",
  "version": "1.0.0",
  "lockfileVersion": 3,
  "requires": true,
  "packages": {
    "": {
      "name": "transitive-resolves-to-alias",
      "version": "1.0.0",
      "dependencies": {
        "parent-with-alias": "1.0.0",
        "parent-without-alias": "1.0.0"
      }
    },
    "node_modules/@scoped/shared-dep": {
      "name": "@scoped/shared-dep",
      "version": "1.0.0",
      "resolved": "https://registry.npmjs.org/@scoped/shared-dep/-/shared-dep-1.0.0.tgz",
      "integrity": "sha512-..."
    },
    "node_modules/parent-with-alias": {
      "version": "1.0.0",
      "resolved": "file:parent-with-alias",
      "dependencies": {
        "shared-dep": "npm:@scoped/shared-dep@^1.0.0"
      }
    },
    "node_modules/parent-without-alias": {
      "version": "1.0.0",
      "resolved": "file:parent-without-alias",
      "dependencies": {
        "shared-dep": "^1.0.0"
      }
    },
    "node_modules/shared-dep": {
      "resolved": "node_modules/@scoped/shared-dep"
    },
    "parent-with-alias": {
      "version": "1.0.0",
      "hasInstallScript": true
    },
    "parent-without-alias": {
      "version": "1.0.0",
      "hasInstallScript": true
    }
  }
}
