# This file is generated by running "yarn install" inside your project.
# Manual changes might be lost - proceed with caution!

__metadata:
  version: 4

"adm-zip@npm:0.4.7":
  version: 0.4.7
  resolution: "adm-zip@npm:0.4.7"
  checksum: 938b6f15ba7882ea4ff8526eaf5078bfae48c6d31a97d38f8c605e8df7fdf5f9ce6daee220f984c77a2fe85356a8c762c779566491dd12c661c53f0453d1f48f
  languageName: node
  linkType: hard

"debug@npm:^2.2.0":
  version: 2.6.9
  resolution: "debug@npm:2.6.9"
  dependencies:
    ms: 2.0.0
  checksum: d2f51589ca66df60bf36e1fa6e4386b318c3f1e06772280eea5b1ae9fd3d05e9c2b7fd8a7d862457d00853c75b00451aa2d7459b924629ee385287a650f58fe6
  languageName: node
  linkType: hard

"goof@workspace:.":
  version: 0.0.0-use.local
  resolution: "goof@workspace:."
  dependencies:
    adm-zip: 0.4.7
  languageName: unknown
  linkType: soft
